// !$*UTF8*$!
{
	archiveVersion = 1;
	classes = {
	};
	objectVersion = 46;
	objects = {

/* Begin PBXBuildFile section */
		97614D691D058D28003E8667 /* AppDelegate.swift in Sources */ = {isa = PBXBuildFile; fileRef = 97614D681D058D28003E8667 /* AppDelegate.swift */; };
		97614D6B1D058D28003E8667 /* ViewController.swift in Sources */ = {isa = PBXBuildFile; fileRef = 97614D6A1D058D28003E8667 /* ViewController.swift */; };
		97614D6E1D058D29003E8667 /* Main.storyboard in Resources */ = {isa = PBXBuildFile; fileRef = 97614D6C1D058D29003E8667 /* Main.storyboard */; };
		97614D701D058D29003E8667 /* Assets.xcassets in Resources */ = {isa = PBXBuildFile; fileRef = 97614D6F1D058D29003E8667 /* Assets.xcassets */; };
		97614D731D058D29003E8667 /* LaunchScreen.storyboard in Resources */ = {isa = PBXBuildFile; fileRef = 97614D711D058D29003E8667 /* LaunchScreen.storyboard */; };
		97614D7C1D058D82003E8667 /* SOTSliderControl.swift in Sources */ = {isa = PBXBuildFile; fileRef = 97614D7B1D058D82003E8667 /* SOTSliderControl.swift */; };
/* End PBXBuildFile section */

/* Begin PBXFileReference section */
		97614D651D058D28003E8667 /* SwipeControl.app */ = {isa = PBXFileReference; explicitFileType = wrapper.application; includeInIndex = 0; path = SwipeControl.app; sourceTree = BUILT_PRODUCTS_DIR; };
		97614D681D058D28003E8667 /* AppDelegate.swift */ = {isa = PBXFileReference; lastKnownFileType = sourcecode.swift; path = AppDelegate.swift; sourceTree = "<group>"; };
		97614D6A1D058D28003E8667 /* ViewController.swift */ = {isa = PBXFileReference; lastKnownFileType = sourcecode.swift; path = ViewController.swift; sourceTree = "<group>"; };
		97614D6D1D058D29003E8667 /* Base */ = {isa = PBXFileReference; lastKnownFileType = file.storyboard; name = Base; path = Base.lproj/Main.storyboard; sourceTree = "<group>"; };
		97614D6F1D058D29003E8667 /* Assets.xcassets */ = {isa = PBXFileReference; lastKnownFileType = folder.assetcatalog; path = Assets.xcassets; sourceTree = "<group>"; };
		97614D721D058D29003E8667 /* Base */ = {isa = PBXFileReference; lastKnownFileType = file.storyboard; name = Base; path = Base.lproj/LaunchScreen.storyboard; sourceTree = "<group>"; };
		97614D741D058D29003E8667 /* Info.plist */ = {isa = PBXFileReference; lastKnownFileType = text.plist.xml; path = Info.plist; sourceTree = "<group>"; };
		97614D7B1D058D82003E8667 /* SOTSliderControl.swift */ = {isa = PBXFileReference; fileEncoding = 4; lastKnownFileType = sourcecode.swift; path = SOTSliderControl.swift; sourceTree = "<group>"; };
/* End PBXFileReference section */

/* Begin PBXFrameworksBuildPhase section */
		97614D621D058D28003E8667 /* Frameworks */ = {
			isa = PBXFrameworksBuildPhase;
			buildActionMask = 2147483647;
			files = (
			);
			runOnlyForDeploymentPostprocessing = 0;
		};
/* End PBXFrameworksBuildPhase section */

/* Begin PBXGroup section */
		97614D5C1D058D28003E8667 = {
			isa = PBXGroup;
			children = (
				97614D671D058D28003E8667 /* SliderProject */,
				97614D661D058D28003E8667 /* Products */,
			);
			sourceTree = "<group>";
		};
		97614D661D058D28003E8667 /* Products */ = {
			isa = PBXGroup;
			children = (
				97614D651D058D28003E8667 /* SwipeControl.app */,
			);
			name = Products;
			sourceTree = "<group>";
		};
		97614D671D058D28003E8667 /* SliderProject */ = {
			isa = PBXGroup;
			children = (
				97614D681D058D28003E8667 /* AppDelegate.swift */,
				97614D6A1D058D28003E8667 /* ViewController.swift */,
				97614D6C1D058D29003E8667 /* Main.storyboard */,
				97614D6F1D058D29003E8667 /* Assets.xcassets */,
				97614D711D058D29003E8667 /* LaunchScreen.storyboard */,
				97614D741D058D29003E8667 /* Info.plist */,
				97614D7A1D058D54003E8667 /* Slider */,
			);
			path = SliderProject;
			sourceTree = "<group>";
		};
		97614D7A1D058D54003E8667 /* Slider */ = {
			isa = PBXGroup;
			children = (
				97614D7B1D058D82003E8667 /* SOTSliderControl.swift */,
			);
			name = Slider;
			sourceTree = "<group>";
		};
/* End PBXGroup section */

/* Begin PBXNativeTarget section */
		97614D641D058D28003E8667 /* SwipeControl */ = {
			isa = PBXNativeTarget;
			buildConfigurationList = 97614D771D058D29003E8667 /* Build configuration list for PBXNativeTarget "SwipeControl" */;
			buildPhases = (
				97614D611D058D28003E8667 /* Sources */,
				97614D621D058D28003E8667 /* Frameworks */,
				97614D631D058D28003E8667 /* Resources */,
			);
			buildRules = (
			);
			dependencies = (
			);
			name = SwipeControl;
			productName = SliderProject;
			productReference = 97614D651D058D28003E8667 /* SwipeControl.app */;
			productType = "com.apple.product-type.application";
		};
/* End PBXNativeTarget section */

/* Begin PBXProject section */
		97614D5D1D058D28003E8667 /* Project object */ = {
			isa = PBXProject;
			attributes = {
				LastSwiftUpdateCheck = 0730;
				LastUpgradeCheck = 0730;
				ORGANIZATIONNAME = Studiout;
				TargetAttributes = {
					97614D641D058D28003E8667 = {
						CreatedOnToolsVersion = 7.3.1;
					};
				};
			};
			buildConfigurationList = 97614D601D058D28003E8667 /* Build configuration list for PBXProject "SwipeControl" */;
			compatibilityVersion = "Xcode 3.2";
			developmentRegion = English;
			hasScannedForEncodings = 0;
			knownRegions = (
				en,
				Base,
			);
			mainGroup = 97614D5C1D058D28003E8667;
			productRefGroup = 97614D661D058D28003E8667 /* Products */;
			projectDirPath = "";
			projectRoot = "";
			targets = (
				97614D641D058D28003E8667 /* SwipeControl */,
			);
		};
/* End PBXProject section */

/* Begin PBXResourcesBuildPhase section */
		97614D631D058D28003E8667 /* Resources */ = {
			isa = PBXResourcesBuildPhase;
			buildActionMask = 2147483647;
			files = (
				97614D731D058D29003E8667 /* LaunchScreen.storyboard in Resources */,
				97614D701D058D29003E8667 /* Assets.xcassets in Resources */,
				97614D6E1D058D29003E8667 /* Main.storyboard in Resources */,
			);
			runOnlyForDeploymentPostprocessing = 0;
		};
/* End PBXResourcesBuildPhase section */

/* Begin PBXSourcesBuildPhase section */
		97614D611D058D28003E8667 /* Sources */ = {
			isa = PBXSourcesBuildPhase;
			buildActionMask = 2147483647;
			files = (
				97614D7C1D058D82003E8667 /* SOTSliderControl.swift in Sources */,
				97614D6B1D058D28003E8667 /* ViewController.swift in Sources */,
				97614D691D058D28003E8667 /* AppDelegate.swift in Sources */,
			);
			runOnlyForDeploymentPostprocessing = 0;
		};
/* End PBXSourcesBuildPhase section */

/* Begin PBXVariantGroup section */
		97614D6C1D058D29003E8667 /* Main.storyboard */ = {
			isa = PBXVariantGroup;
			children = (
				97614D6D1D058D29003E8667 /* Base */,
			);
			name = Main.storyboard;
			sourceTree = "<group>";
		};
		97614D711D058D29003E8667 /* LaunchScreen.storyboard */ = {
			isa = PBXVariantGroup;
			children = (
				97614D721D058D29003E8667 /* Base */,
			);
			name = LaunchScreen.storyboard;
			sourceTree = "<group>";
		};
/* End PBXVariantGroup section */

/* Begin XCBuildConfiguration section */
		97614D751D058D29003E8667 /* Debug */ = {
			isa = XCBuildConfiguration;
			buildSettings = {
				ALWAYS_SEARCH_USER_PATHS = NO;
				CLANG_ANALYZER_NONNULL = YES;
				CLANG_CXX_LANGUAGE_STANDARD = "gnu++0x";
				CLANG_CXX_LIBRARY = "libc++";
				CLANG_ENABLE_MODULES = YES;
				CLANG_ENABLE_OBJC_ARC = YES;
				CLANG_WARN_BOOL_CONVERSION = YES;
				CLANG_WARN_CONSTANT_CONVERSION = YES;
				CLANG_WARN_DIRECT_OBJC_ISA_USAGE = YES_ERROR;
				CLANG_WARN_EMPTY_BODY = YES;
				CLANG_WARN_ENUM_CONVERSION = YES;
				CLANG_WARN_INT_CONVERSION = YES;
				CLANG_WARN_OBJC_ROOT_CLASS = YES_ERROR;
				CLANG_WARN_UNREACHABLE_CODE = YES;
				CLANG_WARN__DUPLICATE_METHOD_MATCH = YES;
				"CODE_SIGN_IDENTITY[sdk=iphoneos*]" = "iPhone Developer";
				COPY_PHASE_STRIP = NO;
				DEBUG_INFORMATION_FORMAT = dwarf;
				ENABLE_STRICT_OBJC_MSGSEND = YES;
				ENABLE_TESTABILITY = YES;
				GCC_C_LANGUAGE_STANDARD = gnu99;
				GCC_DYNAMIC_NO_PIC = NO;
				GCC_NO_COMMON_BLOCKS = YES;
				GCC_OPTIMIZATION_LEVEL = 0;
				GCC_PREPROCESSOR_DEFINITIONS = (
					"DEBUG=1",
					"$(inherited)",
				);
				GCC_WARN_64_TO_32_BIT_CONVERSION = YES;
				GCC_WARN_ABOUT_RETURN_TYPE = YES_ERROR;
				GCC_WARN_UNDECLARED_SELECTOR = YES;
				GCC_WARN_UNINITIALIZED_AUTOS = YES_AGGRESSIVE;
				GCC_WARN_UNUSED_FUNCTION = YES;
				GCC_WARN_UNUSED_VARIABLE = YES;
				IPHONEOS_DEPLOYMENT_TARGET = 9.3;
				MTL_ENABLE_DEBUG_INFO = YES;
				ONLY_ACTIVE_ARCH = YES;
				SDKROOT = iphoneos;
				SWIFT_OPTIMIZATION_LEVEL = "-Onone";
			};
			name = Debug;
		};
		97614D761D058D29003E8667 /* Release */ = {
			isa = XCBuildConfiguration;
			buildSettings = {
				ALWAYS_SEARCH_USER_PATHS = NO;
				CLANG_ANALYZER_NONNULL = YES;
				CLANG_CXX_LANGUAGE_STANDARD = "gnu++0x";
				CLANG_CXX_LIBRARY = "libc++";
				CLANG_ENABLE_MODULES = YES;
				CLANG_ENABLE_OBJC_ARC = YES;
				CLANG_WARN_BOOL_CONVERSION = YES;
				CLANG_WARN_CONSTANT_CONVERSION = YES;
				CLANG_WARN_DIRECT_OBJC_ISA_USAGE = YES_ERROR;
				CLANG_WARN_EMPTY_BODY = YES;
				CLANG_WARN_ENUM_CONVERSION = YES;
				CLANG_WARN_INT_CONVERSION = YES;
				CLANG_WARN_OBJC_ROOT_CLASS = YES_ERROR;
				CLANG_WARN_UNREACHABLE_CODE = YES;
				CLANG_WARN__DUPLICATE_METHOD_MATCH = YES;
				"CODE_SIGN_IDENTITY[sdk=iphoneos*]" = "iPhone Developer";
				COPY_PHASE_STRIP = NO;
				DEBUG_INFORMATION_FORMAT = "dwarf-with-dsym";
				ENABLE_NS_ASSERTIONS = NO;
				ENABLE_STRICT_OBJC_MSGSEND = YES;
				GCC_C_LANGUAGE_STANDARD = gnu99;
				GCC_NO_COMMON_BLOCKS = YES;
				GCC_WARN_64_TO_32_BIT_CONVERSION = YES;
				GCC_WARN_ABOUT_RETURN_TYPE = YES_ERROR;
				GCC_WARN_UNDECLARED_SELECTOR = YES;
				GCC_WARN_UNINITIALIZED_AUTOS = YES_AGGRESSIVE;
				GCC_WARN_UNUSED_FUNCTION = YES;
				GCC_WARN_UNUSED_VARIABLE = YES;
				IPHONEOS_DEPLOYMENT_TARGET = 9.3;
				MTL_ENABLE_DEBUG_INFO = NO;
				SDKROOT = iphoneos;
				VALIDATE_PRODUCT = YES;
			};
			name = Release;
		};
		97614D781D058D29003E8667 /* Debug */ = {
			isa = XCBuildConfiguration;
			buildSettings = {
				ASSETCATALOG_COMPILER_APPICON_NAME = AppIcon;
				INFOPLIST_FILE = SliderProject/Info.plist;
				LD_RUNPATH_SEARCH_PATHS = "$(inherited) @executable_path/Frameworks";
				PRODUCT_BUNDLE_IDENTIFIER = it.studiout.SliderProject;
				PRODUCT_NAME = "$(TARGET_NAME)";
			};
			name = Debug;
		};
		97614D791D058D29003E8667 /* Release */ = {
			isa = XCBuildConfiguration;
			buildSettings = {
				ASSETCATALOG_COMPILER_APPICON_NAME = AppIcon;
				INFOPLIST_FILE = SliderProject/Info.plist;
				LD_RUNPATH_SEARCH_PATHS = "$(inherited) @executable_path/Frameworks";
				PRODUCT_BUNDLE_IDENTIFIER = it.studiout.SliderProject;
				PRODUCT_NAME = "$(TARGET_NAME)";
			};
			name = Release;
		};
/* End XCBuildConfiguration section */

/* Begin XCConfigurationList section */
		97614D601D058D28003E8667 /* Build configuration list for PBXProject "SwipeControl" */ = {
			isa = XCConfigurationList;
			buildConfigurations = (
				97614D751D058D29003E8667 /* Debug */,
				97614D761D058D29003E8667 /* Release */,
			);
			defaultConfigurationIsVisible = 0;
			defaultConfigurationName = Release;
		};
		97614D771D058D29003E8667 /* Build configuration list for PBXNativeTarget "SwipeControl" */ = {
			isa = XCConfigurationList;
			buildConfigurations = (
				97614D781D058D29003E8667 /* Debug */,
				97614D791D058D29003E8667 /* Release */,
			);
			defaultConfigurationIsVisible = 0;
			defaultConfigurationName = Release;
		};
/* End XCConfigurationList section */
	};
	rootObject = 97614D5D1D058D28003E8667 /* Project object */;
}
